
Microsoft Visual Studio Solution File, Format Version 12.00
# Visual Studio 15
VisualStudioVersion = 15.0.27703.2000
MinimumVisualStudioVersion = 10.0.40219.1
Project("{8BC9CEB8-8B4A-11D0-8D11-00A0C91BC942}") = "HandlerCPP", "Handler.vcxproj", "{CD8BEF3F-5603-4D1C-A403-74EC3FAE048D}"
EndProject
Project("{FAE04EC0-301F-11D3-BF4B-00C04F79EFBC}") = "ACube VAm", "..\ACube VAm\ACube VAm.csproj", "{AD2D07AF-590F-4365-A776-1012E1462A48}"
EndProject
Global
	GlobalSection(SolutionConfigurationPlatforms) = preSolution
		Debug|Any CPU = Debug|Any CPU
		Debug|x64 = Debug|x64
		Debug|x86 = Debug|x86
		Release|Any CPU = Release|Any CPU
		Release|x64 = Release|x64
		Release|x86 = Release|x86
	EndGlobalSection
	GlobalSection(ProjectConfigurationPlatforms) = postSolution
		{CD8BEF3F-5603-4D1C-A403-74EC3FAE048D}.Debug|Any CPU.ActiveCfg = Debug|Win32
		{CD8BEF3F-5603-4D1C-A403-74EC3FAE048D}.Debug|x64.ActiveCfg = Debug|x64
		{CD8BEF3F-5603-4D1C-A403-74EC3FAE048D}.Debug|x64.Build.0 = Debug|x64
		{CD8BEF3F-5603-4D1C-A403-74EC3FAE048D}.Debug|x86.ActiveCfg = Debug|Win32
		{CD8BEF3F-5603-4D1C-A403-74EC3FAE048D}.Debug|x86.Build.0 = Debug|Win32
		{CD8BEF3F-5603-4D1C-A403-74EC3FAE048D}.Release|Any CPU.ActiveCfg = Release|Win32
		{CD8BEF3F-5603-4D1C-A403-74EC3FAE048D}.Release|x64.ActiveCfg = Release|x64
		{CD8BEF3F-5603-4D1C-A403-74EC3FAE048D}.Release|x64.Build.0 = Release|x64
		{CD8BEF3F-5603-4D1C-A403-74EC3FAE048D}.Release|x86.ActiveCfg = Release|Win32
		{CD8BEF3F-5603-4D1C-A403-74EC3FAE048D}.Release|x86.Build.0 = Release|Win32
		{AD2D07AF-590F-4365-A776-1012E1462A48}.Debug|Any CPU.ActiveCfg = Debug|Any CPU
		{AD2D07AF-590F-4365-A776-1012E1462A48}.Debug|Any CPU.Build.0 = Debug|Any CPU
		{AD2D07AF-590F-4365-A776-1012E1462A48}.Debug|x64.ActiveCfg = Debug|Any CPU
		{AD2D07AF-590F-4365-A776-1012E1462A48}.Debug|x64.Build.0 = Debug|Any CPU
		{AD2D07AF-590F-4365-A776-1012E1462A48}.Debug|x86.ActiveCfg = Debug|Any CPU
		{AD2D07AF-590F-4365-A776-1012E1462A48}.Debug|x86.Build.0 = Debug|Any CPU
		{AD2D07AF-590F-4365-A776-1012E1462A48}.Release|Any CPU.ActiveCfg = Release|Any CPU
		{AD2D07AF-590F-4365-A776-1012E1462A48}.Release|Any CPU.Build.0 = Release|Any CPU
		{AD2D07AF-590F-4365-A776-1012E1462A48}.Release|x64.ActiveCfg = Release|Any CPU
		{AD2D07AF-590F-4365-A776-1012E1462A48}.Release|x64.Build.0 = Release|Any CPU
		{AD2D07AF-590F-4365-A776-1012E1462A48}.Release|x86.ActiveCfg = Release|Any CPU
		{AD2D07AF-590F-4365-A776-1012E1462A48}.Release|x86.Build.0 = Release|Any CPU
	EndGlobalSection
	GlobalSection(SolutionProperties) = preSolution
		HideSolutionNode = FALSE
	EndGlobalSection
	GlobalSection(ExtensibilityGlobals) = postSolution
		SolutionGuid = {BBB8E580-BE32-4058-B8EA-86BDC6718EC1}
	EndGlobalSection
EndGlobal
